// !$*UTF8*$!
{
	archiveVersion = 1;
	classes = {
	};
	objectVersion = 50;
	objects = {

/* Begin PBXBuildFile section */
		4F063E3B23DE0EE5003E7C86 /* BookCell.swift in Sources */ = {isa = PBXBuildFile; fileRef = 4F063E3A23DE0EE5003E7C86 /* BookCell.swift */; };
		4F063E3D23DE3055003E7C86 /* ImageManager.swift in Sources */ = {isa = PBXBuildFile; fileRef = 4F063E3C23DE3055003E7C86 /* ImageManager.swift */; };
		4F063E3F23DE308D003E7C86 /* Image.swift in Sources */ = {isa = PBXBuildFile; fileRef = 4F063E3E23DE308D003E7C86 /* Image.swift */; };
		4F063E4323DE45BF003E7C86 /* Extensions.swift in Sources */ = {isa = PBXBuildFile; fileRef = 4F063E4223DE45BF003E7C86 /* Extensions.swift */; };
		4F0EC8C123D6F529005FB816 /* Constants.swift in Sources */ = {isa = PBXBuildFile; fileRef = 4F0EC8C023D6F529005FB816 /* Constants.swift */; };
		4F0EC8C323D6F71E005FB816 /* SearchAPI.swift in Sources */ = {isa = PBXBuildFile; fileRef = 4F0EC8C223D6F71E005FB816 /* SearchAPI.swift */; };
		4F227EC323D7FB8C00E55C16 /* BookDetailsAPI.swift in Sources */ = {isa = PBXBuildFile; fileRef = 4F227EC223D7FB8C00E55C16 /* BookDetailsAPI.swift */; };
		4F227EC523D7FBBE00E55C16 /* BookDetails.swift in Sources */ = {isa = PBXBuildFile; fileRef = 4F227EC423D7FBBE00E55C16 /* BookDetails.swift */; };
		4FACC88023E81395002A2A1E /* BookDetailsViewController.swift in Sources */ = {isa = PBXBuildFile; fileRef = 4FACC87F23E81395002A2A1E /* BookDetailsViewController.swift */; };
		4FACC88223E84FE6002A2A1E /* RefereshCellTableViewCell.swift in Sources */ = {isa = PBXBuildFile; fileRef = 4FACC88123E84FE6002A2A1E /* RefereshCellTableViewCell.swift */; };
		4FDF558E23D5ACBB00EA438E /* AppDelegate.swift in Sources */ = {isa = PBXBuildFile; fileRef = 4FDF558D23D5ACBB00EA438E /* AppDelegate.swift */; };
		4FDF559023D5ACBB00EA438E /* BookViewController.swift in Sources */ = {isa = PBXBuildFile; fileRef = 4FDF558F23D5ACBB00EA438E /* BookViewController.swift */; };
		4FDF559323D5ACBB00EA438E /* Main.storyboard in Resources */ = {isa = PBXBuildFile; fileRef = 4FDF559123D5ACBB00EA438E /* Main.storyboard */; };
		4FDF559523D5ACBC00EA438E /* Assets.xcassets in Resources */ = {isa = PBXBuildFile; fileRef = 4FDF559423D5ACBC00EA438E /* Assets.xcassets */; };
		4FDF559823D5ACBC00EA438E /* LaunchScreen.storyboard in Resources */ = {isa = PBXBuildFile; fileRef = 4FDF559623D5ACBC00EA438E /* LaunchScreen.storyboard */; };
		4FDF55A323D5ACBC00EA438E /* mybookshelfTests.swift in Sources */ = {isa = PBXBuildFile; fileRef = 4FDF55A223D5ACBC00EA438E /* mybookshelfTests.swift */; };
		4FDF55B223D5B43700EA438E /* SearchResults.swift in Sources */ = {isa = PBXBuildFile; fileRef = 4FDF55B123D5B43700EA438E /* SearchResults.swift */; };
		4FDF55B423D5B46900EA438E /* Book.swift in Sources */ = {isa = PBXBuildFile; fileRef = 4FDF55B323D5B46900EA438E /* Book.swift */; };
		875A77446158FF94EA2A19DE /* Pods_mybookshelf.framework in Frameworks */ = {isa = PBXBuildFile; fileRef = B0D2C6AAA84E12D25FE9DB4A /* Pods_mybookshelf.framework */; };
/* End PBXBuildFile section */

/* Begin PBXContainerItemProxy section */
		4FDF559F23D5ACBC00EA438E /* PBXContainerItemProxy */ = {
			isa = PBXContainerItemProxy;
			containerPortal = 4FDF558223D5ACBB00EA438E /* Project object */;
			proxyType = 1;
			remoteGlobalIDString = 4FDF558923D5ACBB00EA438E;
			remoteInfo = mybookshelf;
		};
/* End PBXContainerItemProxy section */

/* Begin PBXFileReference section */
		4F063E3A23DE0EE5003E7C86 /* BookCell.swift */ = {isa = PBXFileReference; lastKnownFileType = sourcecode.swift; path = BookCell.swift; sourceTree = "<group>"; };
		4F063E3C23DE3055003E7C86 /* ImageManager.swift */ = {isa = PBXFileReference; lastKnownFileType = sourcecode.swift; path = ImageManager.swift; sourceTree = "<group>"; };
		4F063E3E23DE308D003E7C86 /* Image.swift */ = {isa = PBXFileReference; lastKnownFileType = sourcecode.swift; path = Image.swift; sourceTree = "<group>"; };
		4F063E4223DE45BF003E7C86 /* Extensions.swift */ = {isa = PBXFileReference; lastKnownFileType = sourcecode.swift; path = Extensions.swift; sourceTree = "<group>"; };
		4F0EC8C023D6F529005FB816 /* Constants.swift */ = {isa = PBXFileReference; lastKnownFileType = sourcecode.swift; path = Constants.swift; sourceTree = "<group>"; };
		4F0EC8C223D6F71E005FB816 /* SearchAPI.swift */ = {isa = PBXFileReference; lastKnownFileType = sourcecode.swift; path = SearchAPI.swift; sourceTree = "<group>"; };
		4F227EC223D7FB8C00E55C16 /* BookDetailsAPI.swift */ = {isa = PBXFileReference; lastKnownFileType = sourcecode.swift; path = BookDetailsAPI.swift; sourceTree = "<group>"; };
		4F227EC423D7FBBE00E55C16 /* BookDetails.swift */ = {isa = PBXFileReference; lastKnownFileType = sourcecode.swift; path = BookDetails.swift; sourceTree = "<group>"; };
		4FACC87F23E81395002A2A1E /* BookDetailsViewController.swift */ = {isa = PBXFileReference; lastKnownFileType = sourcecode.swift; path = BookDetailsViewController.swift; sourceTree = "<group>"; };
		4FACC88123E84FE6002A2A1E /* RefereshCellTableViewCell.swift */ = {isa = PBXFileReference; lastKnownFileType = sourcecode.swift; path = RefereshCellTableViewCell.swift; sourceTree = "<group>"; };
		4FDF558A23D5ACBB00EA438E /* mybookshelf.app */ = {isa = PBXFileReference; explicitFileType = wrapper.application; includeInIndex = 0; path = mybookshelf.app; sourceTree = BUILT_PRODUCTS_DIR; };
		4FDF558D23D5ACBB00EA438E /* AppDelegate.swift */ = {isa = PBXFileReference; lastKnownFileType = sourcecode.swift; path = AppDelegate.swift; sourceTree = "<group>"; };
		4FDF558F23D5ACBB00EA438E /* BookViewController.swift */ = {isa = PBXFileReference; lastKnownFileType = sourcecode.swift; path = BookViewController.swift; sourceTree = "<group>"; };
		4FDF559223D5ACBB00EA438E /* Base */ = {isa = PBXFileReference; lastKnownFileType = file.storyboard; name = Base; path = Base.lproj/Main.storyboard; sourceTree = "<group>"; };
		4FDF559423D5ACBC00EA438E /* Assets.xcassets */ = {isa = PBXFileReference; lastKnownFileType = folder.assetcatalog; path = Assets.xcassets; sourceTree = "<group>"; };
		4FDF559723D5ACBC00EA438E /* Base */ = {isa = PBXFileReference; lastKnownFileType = file.storyboard; name = Base; path = Base.lproj/LaunchScreen.storyboard; sourceTree = "<group>"; };
		4FDF559923D5ACBC00EA438E /* Info.plist */ = {isa = PBXFileReference; lastKnownFileType = text.plist.xml; path = Info.plist; sourceTree = "<group>"; };
		4FDF559E23D5ACBC00EA438E /* mybookshelfTests.xctest */ = {isa = PBXFileReference; explicitFileType = wrapper.cfbundle; includeInIndex = 0; path = mybookshelfTests.xctest; sourceTree = BUILT_PRODUCTS_DIR; };
		4FDF55A223D5ACBC00EA438E /* mybookshelfTests.swift */ = {isa = PBXFileReference; lastKnownFileType = sourcecode.swift; path = mybookshelfTests.swift; sourceTree = "<group>"; };
		4FDF55A423D5ACBC00EA438E /* Info.plist */ = {isa = PBXFileReference; lastKnownFileType = text.plist.xml; path = Info.plist; sourceTree = "<group>"; };
		4FDF55B123D5B43700EA438E /* SearchResults.swift */ = {isa = PBXFileReference; lastKnownFileType = sourcecode.swift; path = SearchResults.swift; sourceTree = "<group>"; };
		4FDF55B323D5B46900EA438E /* Book.swift */ = {isa = PBXFileReference; lastKnownFileType = sourcecode.swift; path = Book.swift; sourceTree = "<group>"; };
		8ED2A852E354EF2FBAED3032 /* Pods-mybookshelf.release.xcconfig */ = {isa = PBXFileReference; includeInIndex = 1; lastKnownFileType = text.xcconfig; name = "Pods-mybookshelf.release.xcconfig"; path = "Pods/Target Support Files/Pods-mybookshelf/Pods-mybookshelf.release.xcconfig"; sourceTree = "<group>"; };
		B0D2C6AAA84E12D25FE9DB4A /* Pods_mybookshelf.framework */ = {isa = PBXFileReference; explicitFileType = wrapper.framework; includeInIndex = 0; path = Pods_mybookshelf.framework; sourceTree = BUILT_PRODUCTS_DIR; };
		E15C7F9CA424052DF5E15BE1 /* Pods-mybookshelf.debug.xcconfig */ = {isa = PBXFileReference; includeInIndex = 1; lastKnownFileType = text.xcconfig; name = "Pods-mybookshelf.debug.xcconfig"; path = "Pods/Target Support Files/Pods-mybookshelf/Pods-mybookshelf.debug.xcconfig"; sourceTree = "<group>"; };
/* End PBXFileReference section */

/* Begin PBXFrameworksBuildPhase section */
		4FDF558723D5ACBB00EA438E /* Frameworks */ = {
			isa = PBXFrameworksBuildPhase;
			buildActionMask = 2147483647;
			files = (
				875A77446158FF94EA2A19DE /* Pods_mybookshelf.framework in Frameworks */,
			);
			runOnlyForDeploymentPostprocessing = 0;
		};
		4FDF559B23D5ACBC00EA438E /* Frameworks */ = {
			isa = PBXFrameworksBuildPhase;
			buildActionMask = 2147483647;
			files = (
			);
			runOnlyForDeploymentPostprocessing = 0;
		};
/* End PBXFrameworksBuildPhase section */

/* Begin PBXGroup section */
		215F08C79F2C7063C5745184 /* Frameworks */ = {
			isa = PBXGroup;
			children = (
				B0D2C6AAA84E12D25FE9DB4A /* Pods_mybookshelf.framework */,
			);
			name = Frameworks;
			sourceTree = "<group>";
		};
		4F0EC8BB23D6F3C9005FB816 /* Views */ = {
			isa = PBXGroup;
			children = (
				4F063E3A23DE0EE5003E7C86 /* BookCell.swift */,
				4FACC88123E84FE6002A2A1E /* RefereshCellTableViewCell.swift */,
			);
			path = Views;
			sourceTree = "<group>";
		};
		4F0EC8BC23D6F402005FB816 /* Controllers */ = {
			isa = PBXGroup;
			children = (
				4FDF558F23D5ACBB00EA438E /* BookViewController.swift */,
				4FACC87F23E81395002A2A1E /* BookDetailsViewController.swift */,
			);
			path = Controllers;
			sourceTree = "<group>";
		};
		4F0EC8BD23D6F425005FB816 /* Services */ = {
			isa = PBXGroup;
			children = (
				4F0EC8C223D6F71E005FB816 /* SearchAPI.swift */,
				4F227EC223D7FB8C00E55C16 /* BookDetailsAPI.swift */,
			);
			path = Services;
			sourceTree = "<group>";
		};
		4F0EC8BE23D6F49F005FB816 /* Constants */ = {
			isa = PBXGroup;
			children = (
				4F0EC8C023D6F529005FB816 /* Constants.swift */,
			);
			path = Constants;
			sourceTree = "<group>";
		};
		4F0EC8BF23D6F4AF005FB816 /* Utils */ = {
			isa = PBXGroup;
			children = (
				4F063E3C23DE3055003E7C86 /* ImageManager.swift */,
				4F063E4223DE45BF003E7C86 /* Extensions.swift */,
			);
			path = Utils;
			sourceTree = "<group>";
		};
		4FDF558123D5ACBB00EA438E = {
			isa = PBXGroup;
			children = (
				4FDF558C23D5ACBB00EA438E /* mybookshelf */,
				4FDF55A123D5ACBC00EA438E /* mybookshelfTests */,
				4FDF558B23D5ACBB00EA438E /* Products */,
				FC097F60D8572ADD7F9754A6 /* Pods */,
				215F08C79F2C7063C5745184 /* Frameworks */,
			);
			sourceTree = "<group>";
		};
		4FDF558B23D5ACBB00EA438E /* Products */ = {
			isa = PBXGroup;
			children = (
				4FDF558A23D5ACBB00EA438E /* mybookshelf.app */,
				4FDF559E23D5ACBC00EA438E /* mybookshelfTests.xctest */,
			);
			name = Products;
			sourceTree = "<group>";
		};
		4FDF558C23D5ACBB00EA438E /* mybookshelf */ = {
			isa = PBXGroup;
			children = (
				4F0EC8BF23D6F4AF005FB816 /* Utils */,
				4F0EC8BE23D6F49F005FB816 /* Constants */,
				4F0EC8BD23D6F425005FB816 /* Services */,
				4F0EC8BC23D6F402005FB816 /* Controllers */,
				4F0EC8BB23D6F3C9005FB816 /* Views */,
				4FDF55B023D5B42100EA438E /* Models */,
				4FDF558D23D5ACBB00EA438E /* AppDelegate.swift */,
				4FDF559123D5ACBB00EA438E /* Main.storyboard */,
				4FDF559423D5ACBC00EA438E /* Assets.xcassets */,
				4FDF559623D5ACBC00EA438E /* LaunchScreen.storyboard */,
				4FDF559923D5ACBC00EA438E /* Info.plist */,
			);
			path = mybookshelf;
			sourceTree = "<group>";
		};
		4FDF55A123D5ACBC00EA438E /* mybookshelfTests */ = {
			isa = PBXGroup;
			children = (
				4FDF55A223D5ACBC00EA438E /* mybookshelfTests.swift */,
				4FDF55A423D5ACBC00EA438E /* Info.plist */,
			);
			path = mybookshelfTests;
			sourceTree = "<group>";
		};
		4FDF55B023D5B42100EA438E /* Models */ = {
			isa = PBXGroup;
			children = (
				4FDF55B123D5B43700EA438E /* SearchResults.swift */,
				4FDF55B323D5B46900EA438E /* Book.swift */,
				4F227EC423D7FBBE00E55C16 /* BookDetails.swift */,
				4F063E3E23DE308D003E7C86 /* Image.swift */,
			);
			path = Models;
			sourceTree = "<group>";
		};
		FC097F60D8572ADD7F9754A6 /* Pods */ = {
			isa = PBXGroup;
			children = (
				E15C7F9CA424052DF5E15BE1 /* Pods-mybookshelf.debug.xcconfig */,
				8ED2A852E354EF2FBAED3032 /* Pods-mybookshelf.release.xcconfig */,
			);
			name = Pods;
			sourceTree = "<group>";
		};
/* End PBXGroup section */

/* Begin PBXNativeTarget section */
		4FDF558923D5ACBB00EA438E /* mybookshelf */ = {
			isa = PBXNativeTarget;
			buildConfigurationList = 4FDF55A723D5ACBC00EA438E /* Build configuration list for PBXNativeTarget "mybookshelf" */;
			buildPhases = (
				6BB40FAF9442DA6DD77D58C3 /* [CP] Check Pods Manifest.lock */,
				4FDF558623D5ACBB00EA438E /* Sources */,
				4FDF558723D5ACBB00EA438E /* Frameworks */,
				4FDF558823D5ACBB00EA438E /* Resources */,
				A0EA910E784518DE317BCC47 /* [CP] Embed Pods Frameworks */,
			);
			buildRules = (
			);
			dependencies = (
			);
			name = mybookshelf;
			productName = mybookshelf;
			productReference = 4FDF558A23D5ACBB00EA438E /* mybookshelf.app */;
			productType = "com.apple.product-type.application";
		};
		4FDF559D23D5ACBC00EA438E /* mybookshelfTests */ = {
			isa = PBXNativeTarget;
			buildConfigurationList = 4FDF55AA23D5ACBC00EA438E /* Build configuration list for PBXNativeTarget "mybookshelfTests" */;
			buildPhases = (
				4FDF559A23D5ACBC00EA438E /* Sources */,
				4FDF559B23D5ACBC00EA438E /* Frameworks */,
				4FDF559C23D5ACBC00EA438E /* Resources */,
			);
			buildRules = (
			);
			dependencies = (
				4FDF55A023D5ACBC00EA438E /* PBXTargetDependency */,
			);
			name = mybookshelfTests;
			productName = mybookshelfTests;
			productReference = 4FDF559E23D5ACBC00EA438E /* mybookshelfTests.xctest */;
			productType = "com.apple.product-type.bundle.unit-test";
		};
/* End PBXNativeTarget section */

/* Begin PBXProject section */
		4FDF558223D5ACBB00EA438E /* Project object */ = {
			isa = PBXProject;
			attributes = {
				LastSwiftUpdateCheck = 1020;
				LastUpgradeCheck = 1020;
				ORGANIZATIONNAME = "Sachin Gupta";
				TargetAttributes = {
					4FDF558923D5ACBB00EA438E = {
						CreatedOnToolsVersion = 10.2.1;
					};
					4FDF559D23D5ACBC00EA438E = {
						CreatedOnToolsVersion = 10.2.1;
						TestTargetID = 4FDF558923D5ACBB00EA438E;
					};
				};
			};
			buildConfigurationList = 4FDF558523D5ACBB00EA438E /* Build configuration list for PBXProject "mybookshelf" */;
			compatibilityVersion = "Xcode 9.3";
			developmentRegion = en;
			hasScannedForEncodings = 0;
			knownRegions = (
				en,
				Base,
			);
			mainGroup = 4FDF558123D5ACBB00EA438E;
			productRefGroup = 4FDF558B23D5ACBB00EA438E /* Products */;
			projectDirPath = "";
			projectRoot = "";
			targets = (
				4FDF558923D5ACBB00EA438E /* mybookshelf */,
				4FDF559D23D5ACBC00EA438E /* mybookshelfTests */,
			);
		};
/* End PBXProject section */

/* Begin PBXResourcesBuildPhase section */
		4FDF558823D5ACBB00EA438E /* Resources */ = {
			isa = PBXResourcesBuildPhase;
			buildActionMask = 2147483647;
			files = (
				4FDF559823D5ACBC00EA438E /* LaunchScreen.storyboard in Resources */,
				4FDF559523D5ACBC00EA438E /* Assets.xcassets in Resources */,
				4FDF559323D5ACBB00EA438E /* Main.storyboard in Resources */,
			);
			runOnlyForDeploymentPostprocessing = 0;
		};
		4FDF559C23D5ACBC00EA438E /* Resources */ = {
			isa = PBXResourcesBuildPhase;
			buildActionMask = 2147483647;
			files = (
			);
			runOnlyForDeploymentPostprocessing = 0;
		};
/* End PBXResourcesBuildPhase section */

/* Begin PBXShellScriptBuildPhase section */
		6BB40FAF9442DA6DD77D58C3 /* [CP] Check Pods Manifest.lock */ = {
			isa = PBXShellScriptBuildPhase;
			buildActionMask = 2147483647;
			files = (
			);
			inputPaths = (
				"${PODS_PODFILE_DIR_PATH}/Podfile.lock",
				"${PODS_ROOT}/Manifest.lock",
			);
			name = "[CP] Check Pods Manifest.lock";
			outputPaths = (
				"$(DERIVED_FILE_DIR)/Pods-mybookshelf-checkManifestLockResult.txt",
			);
			runOnlyForDeploymentPostprocessing = 0;
			shellPath = /bin/sh;
			shellScript = "diff \"${PODS_PODFILE_DIR_PATH}/Podfile.lock\" \"${PODS_ROOT}/Manifest.lock\" > /dev/null\nif [ $? != 0 ] ; then\n    # print error to STDERR\n    echo \"error: The sandbox is not in sync with the Podfile.lock. Run 'pod install' or update your CocoaPods installation.\" >&2\n    exit 1\nfi\n# This output is used by Xcode 'outputs' to avoid re-running this script phase.\necho \"SUCCESS\" > \"${SCRIPT_OUTPUT_FILE_0}\"\n";
			showEnvVarsInLog = 0;
		};
		A0EA910E784518DE317BCC47 /* [CP] Embed Pods Frameworks */ = {
			isa = PBXShellScriptBuildPhase;
			buildActionMask = 2147483647;
			files = (
			);
			inputPaths = (
				"${SRCROOT}/Pods/Target Support Files/Pods-mybookshelf/Pods-mybookshelf-frameworks.sh",
				"${BUILT_PRODUCTS_DIR}/Alamofire/Alamofire.framework",
				"${BUILT_PRODUCTS_DIR}/AlamofireImage/AlamofireImage.framework",
				"${BUILT_PRODUCTS_DIR}/SwiftyJSON/SwiftyJSON.framework",
			);
			name = "[CP] Embed Pods Frameworks";
			outputPaths = (
				"${TARGET_BUILD_DIR}/${FRAMEWORKS_FOLDER_PATH}/Alamofire.framework",
				"${TARGET_BUILD_DIR}/${FRAMEWORKS_FOLDER_PATH}/AlamofireImage.framework",
				"${TARGET_BUILD_DIR}/${FRAMEWORKS_FOLDER_PATH}/SwiftyJSON.framework",
			);
			runOnlyForDeploymentPostprocessing = 0;
			shellPath = /bin/sh;
			shellScript = "\"${SRCROOT}/Pods/Target Support Files/Pods-mybookshelf/Pods-mybookshelf-frameworks.sh\"\n";
			showEnvVarsInLog = 0;
		};
/* End PBXShellScriptBuildPhase section */

/* Begin PBXSourcesBuildPhase section */
		4FDF558623D5ACBB00EA438E /* Sources */ = {
			isa = PBXSourcesBuildPhase;
			buildActionMask = 2147483647;
			files = (
				4F0EC8C123D6F529005FB816 /* Constants.swift in Sources */,
				4FACC88223E84FE6002A2A1E /* RefereshCellTableViewCell.swift in Sources */,
				4F063E3F23DE308D003E7C86 /* Image.swift in Sources */,
				4FDF55B423D5B46900EA438E /* Book.swift in Sources */,
				4F0EC8C323D6F71E005FB816 /* SearchAPI.swift in Sources */,
				4F063E3B23DE0EE5003E7C86 /* BookCell.swift in Sources */,
				4FDF559023D5ACBB00EA438E /* BookViewController.swift in Sources */,
				4FACC88023E81395002A2A1E /* BookDetailsViewController.swift in Sources */,
				4FDF55B223D5B43700EA438E /* SearchResults.swift in Sources */,
				4F227EC523D7FBBE00E55C16 /* BookDetails.swift in Sources */,
				4FDF558E23D5ACBB00EA438E /* AppDelegate.swift in Sources */,
				4F063E4323DE45BF003E7C86 /* Extensions.swift in Sources */,
				4F063E3D23DE3055003E7C86 /* ImageManager.swift in Sources */,
				4F227EC323D7FB8C00E55C16 /* BookDetailsAPI.swift in Sources */,
			);
			runOnlyForDeploymentPostprocessing = 0;
		};
		4FDF559A23D5ACBC00EA438E /* Sources */ = {
			isa = PBXSourcesBuildPhase;
			buildActionMask = 2147483647;
			files = (
				4FDF55A323D5ACBC00EA438E /* mybookshelfTests.swift in Sources */,
			);
			runOnlyForDeploymentPostprocessing = 0;
		};
/* End PBXSourcesBuildPhase section */

/* Begin PBXTargetDependency section */
		4FDF55A023D5ACBC00EA438E /* PBXTargetDependency */ = {
			isa = PBXTargetDependency;
			target = 4FDF558923D5ACBB00EA438E /* mybookshelf */;
			targetProxy = 4FDF559F23D5ACBC00EA438E /* PBXContainerItemProxy */;
		};
/* End PBXTargetDependency section */

/* Begin PBXVariantGroup section */
		4FDF559123D5ACBB00EA438E /* Main.storyboard */ = {
			isa = PBXVariantGroup;
			children = (
				4FDF559223D5ACBB00EA438E /* Base */,
			);
			name = Main.storyboard;
			sourceTree = "<group>";
		};
		4FDF559623D5ACBC00EA438E /* LaunchScreen.storyboard */ = {
			isa = PBXVariantGroup;
			children = (
				4FDF559723D5ACBC00EA438E /* Base */,
			);
			name = LaunchScreen.storyboard;
			sourceTree = "<group>";
		};
/* End PBXVariantGroup section */

/* Begin XCBuildConfiguration section */
		4FDF55A523D5ACBC00EA438E /* Debug */ = {
			isa = XCBuildConfiguration;
			buildSettings = {
				ALWAYS_SEARCH_USER_PATHS = NO;
				CLANG_ANALYZER_NONNULL = YES;
				CLANG_ANALYZER_NUMBER_OBJECT_CONVERSION = YES_AGGRESSIVE;
				CLANG_CXX_LANGUAGE_STANDARD = "gnu++14";
				CLANG_CXX_LIBRARY = "libc++";
				CLANG_ENABLE_MODULES = YES;
				CLANG_ENABLE_OBJC_ARC = YES;
				CLANG_ENABLE_OBJC_WEAK = YES;
				CLANG_WARN_BLOCK_CAPTURE_AUTORELEASING = YES;
				CLANG_WARN_BOOL_CONVERSION = YES;
				CLANG_WARN_COMMA = YES;
				CLANG_WARN_CONSTANT_CONVERSION = YES;
				CLANG_WARN_DEPRECATED_OBJC_IMPLEMENTATIONS = YES;
				CLANG_WARN_DIRECT_OBJC_ISA_USAGE = YES_ERROR;
				CLANG_WARN_DOCUMENTATION_COMMENTS = YES;
				CLANG_WARN_EMPTY_BODY = YES;
				CLANG_WARN_ENUM_CONVERSION = YES;
				CLANG_WARN_INFINITE_RECURSION = YES;
				CLANG_WARN_INT_CONVERSION = YES;
				CLANG_WARN_NON_LITERAL_NULL_CONVERSION = YES;
				CLANG_WARN_OBJC_IMPLICIT_RETAIN_SELF = YES;
				CLANG_WARN_OBJC_LITERAL_CONVERSION = YES;
				CLANG_WARN_OBJC_ROOT_CLASS = YES_ERROR;
				CLANG_WARN_RANGE_LOOP_ANALYSIS = YES;
				CLANG_WARN_STRICT_PROTOTYPES = YES;
				CLANG_WARN_SUSPICIOUS_MOVE = YES;
				CLANG_WARN_UNGUARDED_AVAILABILITY = YES_AGGRESSIVE;
				CLANG_WARN_UNREACHABLE_CODE = YES;
				CLANG_WARN__DUPLICATE_METHOD_MATCH = YES;
				CODE_SIGN_IDENTITY = "iPhone Developer";
				COPY_PHASE_STRIP = NO;
				DEBUG_INFORMATION_FORMAT = dwarf;
				ENABLE_STRICT_OBJC_MSGSEND = YES;
				ENABLE_TESTABILITY = YES;
				GCC_C_LANGUAGE_STANDARD = gnu11;
				GCC_DYNAMIC_NO_PIC = NO;
				GCC_NO_COMMON_BLOCKS = YES;
				GCC_OPTIMIZATION_LEVEL = 0;
				GCC_PREPROCESSOR_DEFINITIONS = (
					"DEBUG=1",
					"$(inherited)",
				);
				GCC_WARN_64_TO_32_BIT_CONVERSION = YES;
				GCC_WARN_ABOUT_RETURN_TYPE = YES_ERROR;
				GCC_WARN_UNDECLARED_SELECTOR = YES;
				GCC_WARN_UNINITIALIZED_AUTOS = YES_AGGRESSIVE;
				GCC_WARN_UNUSED_FUNCTION = YES;
				GCC_WARN_UNUSED_VARIABLE = YES;
				IPHONEOS_DEPLOYMENT_TARGET = 12.2;
				MTL_ENABLE_DEBUG_INFO = INCLUDE_SOURCE;
				MTL_FAST_MATH = YES;
				ONLY_ACTIVE_ARCH = YES;
				SDKROOT = iphoneos;
				SWIFT_ACTIVE_COMPILATION_CONDITIONS = DEBUG;
				SWIFT_OPTIMIZATION_LEVEL = "-Onone";
			};
			name = Debug;
		};
		4FDF55A623D5ACBC00EA438E /* Release */ = {
			isa = XCBuildConfiguration;
			buildSettings = {
				ALWAYS_SEARCH_USER_PATHS = NO;
				CLANG_ANALYZER_NONNULL = YES;
				CLANG_ANALYZER_NUMBER_OBJECT_CONVERSION = YES_AGGRESSIVE;
				CLANG_CXX_LANGUAGE_STANDARD = "gnu++14";
				CLANG_CXX_LIBRARY = "libc++";
				CLANG_ENABLE_MODULES = YES;
				CLANG_ENABLE_OBJC_ARC = YES;
				CLANG_ENABLE_OBJC_WEAK = YES;
				CLANG_WARN_BLOCK_CAPTURE_AUTORELEASING = YES;
				CLANG_WARN_BOOL_CONVERSION = YES;
				CLANG_WARN_COMMA = YES;
				CLANG_WARN_CONSTANT_CONVERSION = YES;
				CLANG_WARN_DEPRECATED_OBJC_IMPLEMENTATIONS = YES;
				CLANG_WARN_DIRECT_OBJC_ISA_USAGE = YES_ERROR;
				CLANG_WARN_DOCUMENTATION_COMMENTS = YES;
				CLANG_WARN_EMPTY_BODY = YES;
				CLANG_WARN_ENUM_CONVERSION = YES;
				CLANG_WARN_INFINITE_RECURSION = YES;
				CLANG_WARN_INT_CONVERSION = YES;
				CLANG_WARN_NON_LITERAL_NULL_CONVERSION = YES;
				CLANG_WARN_OBJC_IMPLICIT_RETAIN_SELF = YES;
				CLANG_WARN_OBJC_LITERAL_CONVERSION = YES;
				CLANG_WARN_OBJC_ROOT_CLASS = YES_ERROR;
				CLANG_WARN_RANGE_LOOP_ANALYSIS = YES;
				CLANG_WARN_STRICT_PROTOTYPES = YES;
				CLANG_WARN_SUSPICIOUS_MOVE = YES;
				CLANG_WARN_UNGUARDED_AVAILABILITY = YES_AGGRESSIVE;
				CLANG_WARN_UNREACHABLE_CODE = YES;
				CLANG_WARN__DUPLICATE_METHOD_MATCH = YES;
				CODE_SIGN_IDENTITY = "iPhone Developer";
				COPY_PHASE_STRIP = NO;
				DEBUG_INFORMATION_FORMAT = "dwarf-with-dsym";
				ENABLE_NS_ASSERTIONS = NO;
				ENABLE_STRICT_OBJC_MSGSEND = YES;
				GCC_C_LANGUAGE_STANDARD = gnu11;
				GCC_NO_COMMON_BLOCKS = YES;
				GCC_WARN_64_TO_32_BIT_CONVERSION = YES;
				GCC_WARN_ABOUT_RETURN_TYPE = YES_ERROR;
				GCC_WARN_UNDECLARED_SELECTOR = YES;
				GCC_WARN_UNINITIALIZED_AUTOS = YES_AGGRESSIVE;
				GCC_WARN_UNUSED_FUNCTION = YES;
				GCC_WARN_UNUSED_VARIABLE = YES;
				IPHONEOS_DEPLOYMENT_TARGET = 12.2;
				MTL_ENABLE_DEBUG_INFO = NO;
				MTL_FAST_MATH = YES;
				SDKROOT = iphoneos;
				SWIFT_COMPILATION_MODE = wholemodule;
				SWIFT_OPTIMIZATION_LEVEL = "-O";
				VALIDATE_PRODUCT = YES;
			};
			name = Release;
		};
		4FDF55A823D5ACBC00EA438E /* Debug */ = {
			isa = XCBuildConfiguration;
			baseConfigurationReference = E15C7F9CA424052DF5E15BE1 /* Pods-mybookshelf.debug.xcconfig */;
			buildSettings = {
				ASSETCATALOG_COMPILER_APPICON_NAME = AppIcon;
				CODE_SIGN_STYLE = Manual;
				DEVELOPMENT_TEAM = "";
				INFOPLIST_FILE = mybookshelf/Info.plist;
				LD_RUNPATH_SEARCH_PATHS = (
					"$(inherited)",
					"@executable_path/Frameworks",
				);
				PRODUCT_BUNDLE_IDENTIFIER = com.sachin.mybookshelf;
				PRODUCT_NAME = "$(TARGET_NAME)";
				PROVISIONING_PROFILE_SPECIFIER = "";
				SWIFT_VERSION = 5.0;
				TARGETED_DEVICE_FAMILY = "1,2";
			};
			name = Debug;
		};
		4FDF55A923D5ACBC00EA438E /* Release */ = {
			isa = XCBuildConfiguration;
			baseConfigurationReference = 8ED2A852E354EF2FBAED3032 /* Pods-mybookshelf.release.xcconfig */;
			buildSettings = {
				ASSETCATALOG_COMPILER_APPICON_NAME = AppIcon;
				CODE_SIGN_STYLE = Manual;
				DEVELOPMENT_TEAM = "";
				INFOPLIST_FILE = mybookshelf/Info.plist;
				LD_RUNPATH_SEARCH_PATHS = (
					"$(inherited)",
					"@executable_path/Frameworks",
				);
				PRODUCT_BUNDLE_IDENTIFIER = com.sachin.mybookshelf;
				PRODUCT_NAME = "$(TARGET_NAME)";
				PROVISIONING_PROFILE_SPECIFIER = "";
				SWIFT_VERSION = 5.0;
				TARGETED_DEVICE_FAMILY = "1,2";
			};
			name = Release;
		};
		4FDF55AB23D5ACBC00EA438E /* Debug */ = {
			isa = XCBuildConfiguration;
			buildSettings = {
				ALWAYS_EMBED_SWIFT_STANDARD_LIBRARIES = YES;
				BUNDLE_LOADER = "$(TEST_HOST)";
				CODE_SIGN_STYLE = Automatic;
				INFOPLIST_FILE = mybookshelfTests/Info.plist;
				LD_RUNPATH_SEARCH_PATHS = (
					"$(inherited)",
					"@executable_path/Frameworks",
					"@loader_path/Frameworks",
				);
				PRODUCT_BUNDLE_IDENTIFIER = com.sachin.mybookshelfTests;
				PRODUCT_NAME = "$(TARGET_NAME)";
				SWIFT_VERSION = 5.0;
				TARGETED_DEVICE_FAMILY = "1,2";
				TEST_HOST = "$(BUILT_PRODUCTS_DIR)/mybookshelf.app/mybookshelf";
			};
			name = Debug;
		};
		4FDF55AC23D5ACBC00EA438E /* Release */ = {
			isa = XCBuildConfiguration;
			buildSettings = {
				ALWAYS_EMBED_SWIFT_STANDARD_LIBRARIES = YES;
				BUNDLE_LOADER = "$(TEST_HOST)";
				CODE_SIGN_STYLE = Automatic;
				INFOPLIST_FILE = mybookshelfTests/Info.plist;
				LD_RUNPATH_SEARCH_PATHS = (
					"$(inherited)",
					"@executable_path/Frameworks",
					"@loader_path/Frameworks",
				);
				PRODUCT_BUNDLE_IDENTIFIER = com.sachin.mybookshelfTests;
				PRODUCT_NAME = "$(TARGET_NAME)";
				SWIFT_VERSION = 5.0;
				TARGETED_DEVICE_FAMILY = "1,2";
				TEST_HOST = "$(BUILT_PRODUCTS_DIR)/mybookshelf.app/mybookshelf";
			};
			name = Release;
		};
/* End XCBuildConfiguration section */

/* Begin XCConfigurationList section */
		4FDF558523D5ACBB00EA438E /* Build configuration list for PBXProject "mybookshelf" */ = {
			isa = XCConfigurationList;
			buildConfigurations = (
				4FDF55A523D5ACBC00EA438E /* Debug */,
				4FDF55A623D5ACBC00EA438E /* Release */,
			);
			defaultConfigurationIsVisible = 0;
			defaultConfigurationName = Release;
		};
		4FDF55A723D5ACBC00EA438E /* Build configuration list for PBXNativeTarget "mybookshelf" */ = {
			isa = XCConfigurationList;
			buildConfigurations = (
				4FDF55A823D5ACBC00EA438E /* Debug */,
				4FDF55A923D5ACBC00EA438E /* Release */,
			);
			defaultConfigurationIsVisible = 0;
			defaultConfigurationName = Release;
		};
		4FDF55AA23D5ACBC00EA438E /* Build configuration list for PBXNativeTarget "mybookshelfTests" */ = {
			isa = XCConfigurationList;
			buildConfigurations = (
				4FDF55AB23D5ACBC00EA438E /* Debug */,
				4FDF55AC23D5ACBC00EA438E /* Release */,
			);
			defaultConfigurationIsVisible = 0;
			defaultConfigurationName = Release;
		};
/* End XCConfigurationList section */
	};
	rootObject = 4FDF558223D5ACBB00EA438E /* Project object */;
}
